
Microsoft Visual Studio Solution File, Format Version 12.00
# Visual Studio Version 17
VisualStudioVersion = 17.1.32228.430
MinimumVisualStudioVersion = 10.0.40219.1
Project("{FAE04EC0-301F-11D3-BF4B-00C04F79EFBC}") = "WPFmatricesTextbox", "WPFmatricesTextbox\WPFmatricesTextbox.csproj", "{9C0C19FD-E711-4AD0-A88E-D472C2F9E62F}"
EndProject
Global
	GlobalSection(SolutionConfigurationPlatforms) = preSolution
		Debug|Any CPU = Debug|Any CPU
		Release|Any CPU = Release|Any CPU
	EndGlobalSection
	GlobalSection(ProjectConfigurationPlatforms) = postSolution
		{9C0C19FD-E711-4AD0-A88E-D472C2F9E62F}.Debug|Any CPU.ActiveCfg = Debug|Any CPU
		{9C0C19FD-E711-4AD0-A88E-D472C2F9E62F}.Debug|Any CPU.Build.0 = Debug|Any CPU
		{9C0C19FD-E711-4AD0-A88E-D472C2F9E62F}.Release|Any CPU.ActiveCfg = Release|Any CPU
		{9C0C19FD-E711-4AD0-A88E-D472C2F9E62F}.Release|Any CPU.Build.0 = Release|Any CPU
	EndGlobalSection
	GlobalSection(SolutionProperties) = preSolution
		HideSolutionNode = FALSE
	EndGlobalSection
	GlobalSection(ExtensibilityGlobals) = postSolution
		SolutionGuid = {B8DFC754-A85A-43C1-A8FA-4DD7C514102A}
	EndGlobalSection
EndGlobal
